
Microsoft Visual Studio Solution File, Format Version 12.00
# Visual Studio Version 17
VisualStudioVersion = 17.8.34511.84
MinimumVisualStudioVersion = 10.0.40219.1
Project("{9A19103F-16F7-4668-BE54-9A1E7A4F7556}") = "Infrastructure", "CarDealershipDB\Infrastructure.csproj", "{9A6CF493-93A9-4086-BC56-55FB5B00FF6D}"
EndProject
Project("{9A19103F-16F7-4668-BE54-9A1E7A4F7556}") = "Infrastructure.Tests", "CarDealershipDB.Tests\Infrastructure.Tests.csproj", "{12509552-BF6B-41CB-9FF7-02E857EB203E}"
EndProject
Global
	GlobalSection(SolutionConfigurationPlatforms) = preSolution
		Debug|Any CPU = Debug|Any CPU
		Release|Any CPU = Release|Any CPU
	EndGlobalSection
	GlobalSection(ProjectConfigurationPlatforms) = postSolution
		{9A6CF493-93A9-4086-BC56-55FB5B00FF6D}.Debug|Any CPU.ActiveCfg = Debug|Any CPU
		{9A6CF493-93A9-4086-BC56-55FB5B00FF6D}.Debug|Any CPU.Build.0 = Debug|Any CPU
		{9A6CF493-93A9-4086-BC56-55FB5B00FF6D}.Release|Any CPU.ActiveCfg = Release|Any CPU
		{9A6CF493-93A9-4086-BC56-55FB5B00FF6D}.Release|Any CPU.Build.0 = Release|Any CPU
		{12509552-BF6B-41CB-9FF7-02E857EB203E}.Debug|Any CPU.ActiveCfg = Debug|Any CPU
		{12509552-BF6B-41CB-9FF7-02E857EB203E}.Debug|Any CPU.Build.0 = Debug|Any CPU
		{12509552-BF6B-41CB-9FF7-02E857EB203E}.Release|Any CPU.ActiveCfg = Release|Any CPU
		{12509552-BF6B-41CB-9FF7-02E857EB203E}.Release|Any CPU.Build.0 = Release|Any CPU
	EndGlobalSection
	GlobalSection(SolutionProperties) = preSolution
		HideSolutionNode = FALSE
	EndGlobalSection
	GlobalSection(ExtensibilityGlobals) = postSolution
		SolutionGuid = {FCCFD618-11D9-4F09-8C5B-0B6E5F9C7B5B}
	EndGlobalSection
EndGlobal
